
Microsoft Visual Studio Solution File, Format Version 12.00
# Visual Studio 15
VisualStudioVersion = 15.0.27004.2005
MinimumVisualStudioVersion = 10.0.40219.1
Project("{FAE04EC0-301F-11D3-BF4B-00C04F79EFBC}") = "6.1.16", "6.1.16\6.1.16.csproj", "{F7A16756-533F-4BD3-8BC5-CBF30722767F}"
EndProject
Project("{FAE04EC0-301F-11D3-BF4B-00C04F79EFBC}") = "sharedlib", "sharedlib\sharedlib.csproj", "{465A51FC-FB7F-4396-B5CF-1DC6230FA72C}"
EndProject
Project("{FAE04EC0-301F-11D3-BF4B-00C04F79EFBC}") = "7.1.16", "7.1.16\7.1.16.csproj", "{6CC4B982-978E-4B36-AEBA-22AA62B5699C}"
EndProject
Project("{FAE04EC0-301F-11D3-BF4B-00C04F79EFBC}") = "8.1.16", "8.1.16\8.1.16.csproj", "{180058C6-8130-4C10-9A90-B0CA99B09A6E}"
EndProject
Project("{FAE04EC0-301F-11D3-BF4B-00C04F79EFBC}") = "9.1.16. GUI", "9.1.16. GUI\9.1.16. GUI.csproj", "{6CC34BBA-B437-4786-9714-1A5F0DB3F355}"
EndProject
Project("{FAE04EC0-301F-11D3-BF4B-00C04F79EFBC}") = "GUIlib", "GUIlib\GUIlib.csproj", "{E4EDD6E5-3E28-4F20-B981-55BFF53E010F}"
EndProject
Project("{FAE04EC0-301F-11D3-BF4B-00C04F79EFBC}") = "ConsoleLib", "ConsoleLib\ConsoleLib.csproj", "{00AC5BBE-D39A-41C2-A277-F8B25DADEB84}"
EndProject
Project("{FAE04EC0-301F-11D3-BF4B-00C04F79EFBC}") = "9.1.16 Console", "9.1.16 Console\9.1.16 Console.csproj", "{E59CF3A0-981C-42A8-A47B-6A8D2C0E9A56}"
EndProject
Project("{FAE04EC0-301F-11D3-BF4B-00C04F79EFBC}") = "9.2.16 Console", "9.2.16 Console\9.2.16 Console.csproj", "{27617A85-31D4-40C7-AEBB-F9BB294A3DDA}"
EndProject
Project("{FAE04EC0-301F-11D3-BF4B-00C04F79EFBC}") = "9.2.16 GUI", "9.2.16 GUI\9.2.16 GUI.csproj", "{6BB1422F-5777-45E7-AC63-6D0A1B3376B6}"
EndProject
Global
	GlobalSection(SolutionConfigurationPlatforms) = preSolution
		Debug|Any CPU = Debug|Any CPU
		Debug|x64 = Debug|x64
		Debug|x86 = Debug|x86
		Release|Any CPU = Release|Any CPU
		Release|x64 = Release|x64
		Release|x86 = Release|x86
	EndGlobalSection
	GlobalSection(ProjectConfigurationPlatforms) = postSolution
		{F7A16756-533F-4BD3-8BC5-CBF30722767F}.Debug|Any CPU.ActiveCfg = Debug|Any CPU
		{F7A16756-533F-4BD3-8BC5-CBF30722767F}.Debug|Any CPU.Build.0 = Debug|Any CPU
		{F7A16756-533F-4BD3-8BC5-CBF30722767F}.Debug|x64.ActiveCfg = Debug|Any CPU
		{F7A16756-533F-4BD3-8BC5-CBF30722767F}.Debug|x64.Build.0 = Debug|Any CPU
		{F7A16756-533F-4BD3-8BC5-CBF30722767F}.Debug|x86.ActiveCfg = Debug|Any CPU
		{F7A16756-533F-4BD3-8BC5-CBF30722767F}.Debug|x86.Build.0 = Debug|Any CPU
		{F7A16756-533F-4BD3-8BC5-CBF30722767F}.Release|Any CPU.ActiveCfg = Release|Any CPU
		{F7A16756-533F-4BD3-8BC5-CBF30722767F}.Release|Any CPU.Build.0 = Release|Any CPU
		{F7A16756-533F-4BD3-8BC5-CBF30722767F}.Release|x64.ActiveCfg = Release|Any CPU
		{F7A16756-533F-4BD3-8BC5-CBF30722767F}.Release|x64.Build.0 = Release|Any CPU
		{F7A16756-533F-4BD3-8BC5-CBF30722767F}.Release|x86.ActiveCfg = Release|Any CPU
		{F7A16756-533F-4BD3-8BC5-CBF30722767F}.Release|x86.Build.0 = Release|Any CPU
		{465A51FC-FB7F-4396-B5CF-1DC6230FA72C}.Debug|Any CPU.ActiveCfg = Debug|Any CPU
		{465A51FC-FB7F-4396-B5CF-1DC6230FA72C}.Debug|Any CPU.Build.0 = Debug|Any CPU
		{465A51FC-FB7F-4396-B5CF-1DC6230FA72C}.Debug|x64.ActiveCfg = Debug|Any CPU
		{465A51FC-FB7F-4396-B5CF-1DC6230FA72C}.Debug|x64.Build.0 = Debug|Any CPU
		{465A51FC-FB7F-4396-B5CF-1DC6230FA72C}.Debug|x86.ActiveCfg = Debug|Any CPU
		{465A51FC-FB7F-4396-B5CF-1DC6230FA72C}.Debug|x86.Build.0 = Debug|Any CPU
		{465A51FC-FB7F-4396-B5CF-1DC6230FA72C}.Release|Any CPU.ActiveCfg = Release|Any CPU
		{465A51FC-FB7F-4396-B5CF-1DC6230FA72C}.Release|Any CPU.Build.0 = Release|Any CPU
		{465A51FC-FB7F-4396-B5CF-1DC6230FA72C}.Release|x64.ActiveCfg = Release|Any CPU
		{465A51FC-FB7F-4396-B5CF-1DC6230FA72C}.Release|x64.Build.0 = Release|Any CPU
		{465A51FC-FB7F-4396-B5CF-1DC6230FA72C}.Release|x86.ActiveCfg = Release|Any CPU
		{465A51FC-FB7F-4396-B5CF-1DC6230FA72C}.Release|x86.Build.0 = Release|Any CPU
		{6CC4B982-978E-4B36-AEBA-22AA62B5699C}.Debug|Any CPU.ActiveCfg = Debug|Any CPU
		{6CC4B982-978E-4B36-AEBA-22AA62B5699C}.Debug|Any CPU.Build.0 = Debug|Any CPU
		{6CC4B982-978E-4B36-AEBA-22AA62B5699C}.Debug|x64.ActiveCfg = Debug|Any CPU
		{6CC4B982-978E-4B36-AEBA-22AA62B5699C}.Debug|x64.Build.0 = Debug|Any CPU
		{6CC4B982-978E-4B36-AEBA-22AA62B5699C}.Debug|x86.ActiveCfg = Debug|Any CPU
		{6CC4B982-978E-4B36-AEBA-22AA62B5699C}.Debug|x86.Build.0 = Debug|Any CPU
		{6CC4B982-978E-4B36-AEBA-22AA62B5699C}.Release|Any CPU.ActiveCfg = Release|Any CPU
		{6CC4B982-978E-4B36-AEBA-22AA62B5699C}.Release|Any CPU.Build.0 = Release|Any CPU
		{6CC4B982-978E-4B36-AEBA-22AA62B5699C}.Release|x64.ActiveCfg = Release|Any CPU
		{6CC4B982-978E-4B36-AEBA-22AA62B5699C}.Release|x64.Build.0 = Release|Any CPU
		{6CC4B982-978E-4B36-AEBA-22AA62B5699C}.Release|x86.ActiveCfg = Release|Any CPU
		{6CC4B982-978E-4B36-AEBA-22AA62B5699C}.Release|x86.Build.0 = Release|Any CPU
		{180058C6-8130-4C10-9A90-B0CA99B09A6E}.Debug|Any CPU.ActiveCfg = Debug|Any CPU
		{180058C6-8130-4C10-9A90-B0CA99B09A6E}.Debug|Any CPU.Build.0 = Debug|Any CPU
		{180058C6-8130-4C10-9A90-B0CA99B09A6E}.Debug|x64.ActiveCfg = Debug|Any CPU
		{180058C6-8130-4C10-9A90-B0CA99B09A6E}.Debug|x64.Build.0 = Debug|Any CPU
		{180058C6-8130-4C10-9A90-B0CA99B09A6E}.Debug|x86.ActiveCfg = Debug|Any CPU
		{180058C6-8130-4C10-9A90-B0CA99B09A6E}.Debug|x86.Build.0 = Debug|Any CPU
		{180058C6-8130-4C10-9A90-B0CA99B09A6E}.Release|Any CPU.ActiveCfg = Release|Any CPU
		{180058C6-8130-4C10-9A90-B0CA99B09A6E}.Release|Any CPU.Build.0 = Release|Any CPU
		{180058C6-8130-4C10-9A90-B0CA99B09A6E}.Release|x64.ActiveCfg = Release|Any CPU
		{180058C6-8130-4C10-9A90-B0CA99B09A6E}.Release|x64.Build.0 = Release|Any CPU
		{180058C6-8130-4C10-9A90-B0CA99B09A6E}.Release|x86.ActiveCfg = Release|Any CPU
		{180058C6-8130-4C10-9A90-B0CA99B09A6E}.Release|x86.Build.0 = Release|Any CPU
		{6CC34BBA-B437-4786-9714-1A5F0DB3F355}.Debug|Any CPU.ActiveCfg = Debug|Any CPU
		{6CC34BBA-B437-4786-9714-1A5F0DB3F355}.Debug|Any CPU.Build.0 = Debug|Any CPU
		{6CC34BBA-B437-4786-9714-1A5F0DB3F355}.Debug|x64.ActiveCfg = Debug|Any CPU
		{6CC34BBA-B437-4786-9714-1A5F0DB3F355}.Debug|x64.Build.0 = Debug|Any CPU
		{6CC34BBA-B437-4786-9714-1A5F0DB3F355}.Debug|x86.ActiveCfg = Debug|Any CPU
		{6CC34BBA-B437-4786-9714-1A5F0DB3F355}.Debug|x86.Build.0 = Debug|Any CPU
		{6CC34BBA-B437-4786-9714-1A5F0DB3F355}.Release|Any CPU.ActiveCfg = Release|Any CPU
		{6CC34BBA-B437-4786-9714-1A5F0DB3F355}.Release|Any CPU.Build.0 = Release|Any CPU
		{6CC34BBA-B437-4786-9714-1A5F0DB3F355}.Release|x64.ActiveCfg = Release|Any CPU
		{6CC34BBA-B437-4786-9714-1A5F0DB3F355}.Release|x64.Build.0 = Release|Any CPU
		{6CC34BBA-B437-4786-9714-1A5F0DB3F355}.Release|x86.ActiveCfg = Release|Any CPU
		{6CC34BBA-B437-4786-9714-1A5F0DB3F355}.Release|x86.Build.0 = Release|Any CPU
		{E4EDD6E5-3E28-4F20-B981-55BFF53E010F}.Debug|Any CPU.ActiveCfg = Debug|Any CPU
		{E4EDD6E5-3E28-4F20-B981-55BFF53E010F}.Debug|Any CPU.Build.0 = Debug|Any CPU
		{E4EDD6E5-3E28-4F20-B981-55BFF53E010F}.Debug|x64.ActiveCfg = Debug|Any CPU
		{E4EDD6E5-3E28-4F20-B981-55BFF53E010F}.Debug|x64.Build.0 = Debug|Any CPU
		{E4EDD6E5-3E28-4F20-B981-55BFF53E010F}.Debug|x86.ActiveCfg = Debug|Any CPU
		{E4EDD6E5-3E28-4F20-B981-55BFF53E010F}.Debug|x86.Build.0 = Debug|Any CPU
		{E4EDD6E5-3E28-4F20-B981-55BFF53E010F}.Release|Any CPU.ActiveCfg = Release|Any CPU
		{E4EDD6E5-3E28-4F20-B981-55BFF53E010F}.Release|Any CPU.Build.0 = Release|Any CPU
		{E4EDD6E5-3E28-4F20-B981-55BFF53E010F}.Release|x64.ActiveCfg = Release|Any CPU
		{E4EDD6E5-3E28-4F20-B981-55BFF53E010F}.Release|x64.Build.0 = Release|Any CPU
		{E4EDD6E5-3E28-4F20-B981-55BFF53E010F}.Release|x86.ActiveCfg = Release|Any CPU
		{E4EDD6E5-3E28-4F20-B981-55BFF53E010F}.Release|x86.Build.0 = Release|Any CPU
		{00AC5BBE-D39A-41C2-A277-F8B25DADEB84}.Debug|Any CPU.ActiveCfg = Debug|Any CPU
		{00AC5BBE-D39A-41C2-A277-F8B25DADEB84}.Debug|Any CPU.Build.0 = Debug|Any CPU
		{00AC5BBE-D39A-41C2-A277-F8B25DADEB84}.Debug|x64.ActiveCfg = Debug|Any CPU
		{00AC5BBE-D39A-41C2-A277-F8B25DADEB84}.Debug|x64.Build.0 = Debug|Any CPU
		{00AC5BBE-D39A-41C2-A277-F8B25DADEB84}.Debug|x86.ActiveCfg = Debug|Any CPU
		{00AC5BBE-D39A-41C2-A277-F8B25DADEB84}.Debug|x86.Build.0 = Debug|Any CPU
		{00AC5BBE-D39A-41C2-A277-F8B25DADEB84}.Release|Any CPU.ActiveCfg = Release|Any CPU
		{00AC5BBE-D39A-41C2-A277-F8B25DADEB84}.Release|Any CPU.Build.0 = Release|Any CPU
		{00AC5BBE-D39A-41C2-A277-F8B25DADEB84}.Release|x64.ActiveCfg = Release|Any CPU
		{00AC5BBE-D39A-41C2-A277-F8B25DADEB84}.Release|x64.Build.0 = Release|Any CPU
		{00AC5BBE-D39A-41C2-A277-F8B25DADEB84}.Release|x86.ActiveCfg = Release|Any CPU
		{00AC5BBE-D39A-41C2-A277-F8B25DADEB84}.Release|x86.Build.0 = Release|Any CPU
		{E59CF3A0-981C-42A8-A47B-6A8D2C0E9A56}.Debug|Any CPU.ActiveCfg = Debug|Any CPU
		{E59CF3A0-981C-42A8-A47B-6A8D2C0E9A56}.Debug|Any CPU.Build.0 = Debug|Any CPU
		{E59CF3A0-981C-42A8-A47B-6A8D2C0E9A56}.Debug|x64.ActiveCfg = Debug|Any CPU
		{E59CF3A0-981C-42A8-A47B-6A8D2C0E9A56}.Debug|x64.Build.0 = Debug|Any CPU
		{E59CF3A0-981C-42A8-A47B-6A8D2C0E9A56}.Debug|x86.ActiveCfg = Debug|Any CPU
		{E59CF3A0-981C-42A8-A47B-6A8D2C0E9A56}.Debug|x86.Build.0 = Debug|Any CPU
		{E59CF3A0-981C-42A8-A47B-6A8D2C0E9A56}.Release|Any CPU.ActiveCfg = Release|Any CPU
		{E59CF3A0-981C-42A8-A47B-6A8D2C0E9A56}.Release|Any CPU.Build.0 = Release|Any CPU
		{E59CF3A0-981C-42A8-A47B-6A8D2C0E9A56}.Release|x64.ActiveCfg = Release|Any CPU
		{E59CF3A0-981C-42A8-A47B-6A8D2C0E9A56}.Release|x64.Build.0 = Release|Any CPU
		{E59CF3A0-981C-42A8-A47B-6A8D2C0E9A56}.Release|x86.ActiveCfg = Release|Any CPU
		{E59CF3A0-981C-42A8-A47B-6A8D2C0E9A56}.Release|x86.Build.0 = Release|Any CPU
		{27617A85-31D4-40C7-AEBB-F9BB294A3DDA}.Debug|Any CPU.ActiveCfg = Debug|Any CPU
		{27617A85-31D4-40C7-AEBB-F9BB294A3DDA}.Debug|Any CPU.Build.0 = Debug|Any CPU
		{27617A85-31D4-40C7-AEBB-F9BB294A3DDA}.Debug|x64.ActiveCfg = Debug|Any CPU
		{27617A85-31D4-40C7-AEBB-F9BB294A3DDA}.Debug|x64.Build.0 = Debug|Any CPU
		{27617A85-31D4-40C7-AEBB-F9BB294A3DDA}.Debug|x86.ActiveCfg = Debug|Any CPU
		{27617A85-31D4-40C7-AEBB-F9BB294A3DDA}.Debug|x86.Build.0 = Debug|Any CPU
		{27617A85-31D4-40C7-AEBB-F9BB294A3DDA}.Release|Any CPU.ActiveCfg = Release|Any CPU
		{27617A85-31D4-40C7-AEBB-F9BB294A3DDA}.Release|Any CPU.Build.0 = Release|Any CPU
		{27617A85-31D4-40C7-AEBB-F9BB294A3DDA}.Release|x64.ActiveCfg = Release|Any CPU
		{27617A85-31D4-40C7-AEBB-F9BB294A3DDA}.Release|x64.Build.0 = Release|Any CPU
		{27617A85-31D4-40C7-AEBB-F9BB294A3DDA}.Release|x86.ActiveCfg = Release|Any CPU
		{27617A85-31D4-40C7-AEBB-F9BB294A3DDA}.Release|x86.Build.0 = Release|Any CPU
		{6BB1422F-5777-45E7-AC63-6D0A1B3376B6}.Debug|Any CPU.ActiveCfg = Debug|Any CPU
		{6BB1422F-5777-45E7-AC63-6D0A1B3376B6}.Debug|Any CPU.Build.0 = Debug|Any CPU
		{6BB1422F-5777-45E7-AC63-6D0A1B3376B6}.Debug|x64.ActiveCfg = Debug|Any CPU
		{6BB1422F-5777-45E7-AC63-6D0A1B3376B6}.Debug|x64.Build.0 = Debug|Any CPU
		{6BB1422F-5777-45E7-AC63-6D0A1B3376B6}.Debug|x86.ActiveCfg = Debug|Any CPU
		{6BB1422F-5777-45E7-AC63-6D0A1B3376B6}.Debug|x86.Build.0 = Debug|Any CPU
		{6BB1422F-5777-45E7-AC63-6D0A1B3376B6}.Release|Any CPU.ActiveCfg = Release|Any CPU
		{6BB1422F-5777-45E7-AC63-6D0A1B3376B6}.Release|Any CPU.Build.0 = Release|Any CPU
		{6BB1422F-5777-45E7-AC63-6D0A1B3376B6}.Release|x64.ActiveCfg = Release|Any CPU
		{6BB1422F-5777-45E7-AC63-6D0A1B3376B6}.Release|x64.Build.0 = Release|Any CPU
		{6BB1422F-5777-45E7-AC63-6D0A1B3376B6}.Release|x86.ActiveCfg = Release|Any CPU
		{6BB1422F-5777-45E7-AC63-6D0A1B3376B6}.Release|x86.Build.0 = Release|Any CPU
	EndGlobalSection
	GlobalSection(SolutionProperties) = preSolution
		HideSolutionNode = FALSE
	EndGlobalSection
	GlobalSection(ExtensibilityGlobals) = postSolution
		SolutionGuid = {03A34E58-A0E5-4CB5-B8C7-930F87256539}
	EndGlobalSection
EndGlobal
